
Microsoft Visual Studio Solution File, Format Version 12.00
Project("{F2A71F9B-5D33-465A-A702-920D77279786}") = "FShark", "FShark.fsproj", "{5F632CE3-0988-4696-AA80-5B562232618D}"
EndProject
Project("{F2A71F9B-5D33-465A-A702-920D77279786}") = "FSharkTests", "FSharkTests\FSharkTests.fsproj", "{E036A557-ED95-4BA8-BD8C-E69F057EFFFC}"
EndProject
Project("{F2A71F9B-5D33-465A-A702-920D77279786}") = "FSharkPrelude", "FSharkPrelude\FSharkPrelude.fsproj", "{C395F95B-1288-43BF-B230-1FA97F8D5FF5}"
EndProject
Project("{F2A71F9B-5D33-465A-A702-920D77279786}") = "FSharkPreludeTests", "FSharkPreludeTests\FSharkPreludeTests.fsproj", "{B47EC63C-D902-4A91-866C-C13935C90EA8}"
EndProject
Project("{F2A71F9B-5D33-465A-A702-920D77279786}") = "Examples", "Examples\Examples.fsproj", "{6F54AC97-38E7-4BC6-B337-176FE110AC20}"
EndProject
Project("{FAE04EC0-301F-11D3-BF4B-00C04F79EFBC}") = "CSharpTest", "CSharpTest\CSharpTest.csproj", "{0662CEF0-FB80-4985-B65D-C5C2B2069584}"
EndProject
Global
	GlobalSection(SolutionConfigurationPlatforms) = preSolution
		Debug|Any CPU = Debug|Any CPU
		Release|Any CPU = Release|Any CPU
	EndGlobalSection
	GlobalSection(ProjectConfigurationPlatforms) = postSolution
		{5F632CE3-0988-4696-AA80-5B562232618D}.Debug|Any CPU.ActiveCfg = Debug|Any CPU
		{5F632CE3-0988-4696-AA80-5B562232618D}.Debug|Any CPU.Build.0 = Debug|Any CPU
		{5F632CE3-0988-4696-AA80-5B562232618D}.Release|Any CPU.ActiveCfg = Release|Any CPU
		{5F632CE3-0988-4696-AA80-5B562232618D}.Release|Any CPU.Build.0 = Release|Any CPU
		{E036A557-ED95-4BA8-BD8C-E69F057EFFFC}.Debug|Any CPU.ActiveCfg = Debug|Any CPU
		{E036A557-ED95-4BA8-BD8C-E69F057EFFFC}.Debug|Any CPU.Build.0 = Debug|Any CPU
		{E036A557-ED95-4BA8-BD8C-E69F057EFFFC}.Release|Any CPU.ActiveCfg = Release|Any CPU
		{E036A557-ED95-4BA8-BD8C-E69F057EFFFC}.Release|Any CPU.Build.0 = Release|Any CPU
		{C395F95B-1288-43BF-B230-1FA97F8D5FF5}.Debug|Any CPU.ActiveCfg = Debug|Any CPU
		{C395F95B-1288-43BF-B230-1FA97F8D5FF5}.Debug|Any CPU.Build.0 = Debug|Any CPU
		{C395F95B-1288-43BF-B230-1FA97F8D5FF5}.Release|Any CPU.ActiveCfg = Release|Any CPU
		{C395F95B-1288-43BF-B230-1FA97F8D5FF5}.Release|Any CPU.Build.0 = Release|Any CPU
		{B47EC63C-D902-4A91-866C-C13935C90EA8}.Debug|Any CPU.ActiveCfg = Debug|Any CPU
		{B47EC63C-D902-4A91-866C-C13935C90EA8}.Debug|Any CPU.Build.0 = Debug|Any CPU
		{B47EC63C-D902-4A91-866C-C13935C90EA8}.Release|Any CPU.ActiveCfg = Release|Any CPU
		{B47EC63C-D902-4A91-866C-C13935C90EA8}.Release|Any CPU.Build.0 = Release|Any CPU
		{6F54AC97-38E7-4BC6-B337-176FE110AC20}.Debug|Any CPU.ActiveCfg = Debug|Any CPU
		{6F54AC97-38E7-4BC6-B337-176FE110AC20}.Debug|Any CPU.Build.0 = Debug|Any CPU
		{6F54AC97-38E7-4BC6-B337-176FE110AC20}.Release|Any CPU.ActiveCfg = Release|Any CPU
		{6F54AC97-38E7-4BC6-B337-176FE110AC20}.Release|Any CPU.Build.0 = Release|Any CPU
		{0662CEF0-FB80-4985-B65D-C5C2B2069584}.Debug|Any CPU.ActiveCfg = Debug|Any CPU
		{0662CEF0-FB80-4985-B65D-C5C2B2069584}.Debug|Any CPU.Build.0 = Debug|Any CPU
		{0662CEF0-FB80-4985-B65D-C5C2B2069584}.Release|Any CPU.ActiveCfg = Release|Any CPU
		{0662CEF0-FB80-4985-B65D-C5C2B2069584}.Release|Any CPU.Build.0 = Release|Any CPU
	EndGlobalSection
EndGlobal
